
Microsoft Visual Studio Solution File, Format Version 12.00
# Visual Studio Version 16
VisualStudioVersion = 16.0.29403.142
MinimumVisualStudioVersion = 10.0.40219.1
Project("{6EC3EE1D-3C4E-46DD-8F32-0CC8E7565705}") = "exercism", "exercism\exercism.fsproj", "{A58DC9FC-30E8-4265-9795-70DE8B71A4BE}"
EndProject
Project("{6EC3EE1D-3C4E-46DD-8F32-0CC8E7565705}") = "ReverseString", "reverse-string\ReverseString.fsproj", "{7DDB710E-3C5F-4BA0-9D88-111EA8268E01}"
EndProject
Project("{6EC3EE1D-3C4E-46DD-8F32-0CC8E7565705}") = "Hamming", "hamming\Hamming.fsproj", "{353FEBC5-FB02-4009-B497-EBA47A84C21B}"
EndProject
Project("{6EC3EE1D-3C4E-46DD-8F32-0CC8E7565705}") = "TwoFer", "two-fer\TwoFer.fsproj", "{CA8F87C6-FC4D-4272-BE4B-9E8AD12130C1}"
EndProject
Project("{6EC3EE1D-3C4E-46DD-8F32-0CC8E7565705}") = "BinarySearchTree", "binary-search-tree\BinarySearchTree.fsproj", "{CDFAA9B0-51DC-49A2-BA4F-3A05F4F7FD6F}"
EndProject
Project("{6EC3EE1D-3C4E-46DD-8F32-0CC8E7565705}") = "TreeBuilding", "tree-building\TreeBuilding.fsproj", "{5A50CEE5-2446-4E1C-9E0A-CAE823E683C6}"
EndProject
Project("{6EC3EE1D-3C4E-46DD-8F32-0CC8E7565705}") = "Pangram", "pangram\Pangram.fsproj", "{F4A3553C-2C5A-4A5A-98B8-D4E5BDE55560}"
EndProject
Project("{6EC3EE1D-3C4E-46DD-8F32-0CC8E7565705}") = "RobotName", "robot-name\RobotName.fsproj", "{D70C459D-E855-4791-8B64-559308135767}"
EndProject
Project("{6EC3EE1D-3C4E-46DD-8F32-0CC8E7565705}") = "Isogram", "isogram\Isogram.fsproj", "{C1DAF65F-0920-44DB-AB9E-B603A139A403}"
EndProject
Project("{6EC3EE1D-3C4E-46DD-8F32-0CC8E7565705}") = "PhoneNumber", "phone-number\PhoneNumber.fsproj", "{E1A46B1D-3EA4-498C-BBFA-3778A8833257}"
EndProject
Project("{6EC3EE1D-3C4E-46DD-8F32-0CC8E7565705}") = "Leap", "leap\Leap.fsproj", "{5FC82FCD-7691-479F-B4BC-E865F697589A}"
EndProject
Project("{6EC3EE1D-3C4E-46DD-8F32-0CC8E7565705}") = "QueenAttack", "queen-attack\QueenAttack.fsproj", "{346AD250-874A-4F3F-9218-902A0529B4FA}"
EndProject
Project("{6EC3EE1D-3C4E-46DD-8F32-0CC8E7565705}") = "Raindrops", "raindrops\Raindrops.fsproj", "{823920C1-D8C2-4B64-9AA5-082C48542398}"
EndProject
Project("{6EC3EE1D-3C4E-46DD-8F32-0CC8E7565705}") = "Grains", "grains\Grains.fsproj", "{51966F75-0943-4461-97DA-DA457E5E9514}"
EndProject
Project("{6EC3EE1D-3C4E-46DD-8F32-0CC8E7565705}") = "NguyenBX", "NguyenBX\NguyenBX.fsproj", "{FF852732-17AC-4965-9045-C185F329538F}"
EndProject
Project("{6EC3EE1D-3C4E-46DD-8F32-0CC8E7565705}") = "Accumulate", "accumulate\Accumulate.fsproj", "{7152A813-1B66-4D97-BD2C-0C2ACD999439}"
EndProject
Project("{6EC3EE1D-3C4E-46DD-8F32-0CC8E7565705}") = "SpaceAge", "space-age\SpaceAge.fsproj", "{D279BE3E-FE26-42F4-A3E3-D63292998C8B}"
EndProject
Project("{6EC3EE1D-3C4E-46DD-8F32-0CC8E7565705}") = "CollatzConjecture", "collatz-conjecture\CollatzConjecture.fsproj", "{88F0C4CB-C6D0-4FFA-885E-793CFCE37305}"
EndProject
Project("{6EC3EE1D-3C4E-46DD-8F32-0CC8E7565705}") = "RomanNumerals", "roman-numerals\RomanNumerals.fsproj", "{AB8AC33A-84DB-431D-A7FF-6D1ADDC0C1FC}"
EndProject
Project("{6EC3EE1D-3C4E-46DD-8F32-0CC8E7565705}") = "Darts", "darts\Darts.fsproj", "{993D02C1-8F52-4571-AB38-E453FD77D10D}"
EndProject
Project("{6EC3EE1D-3C4E-46DD-8F32-0CC8E7565705}") = "HighScores", "high-scores\HighScores.fsproj", "{E6FBF837-BB54-49CF-BF57-1646A6D8B04B}"
EndProject
Project("{6EC3EE1D-3C4E-46DD-8F32-0CC8E7565705}") = "Strain", "strain\Strain.fsproj", "{BBBE996F-1CE4-4FF2-BEF8-ECFF3E7BB133}"
EndProject
Project("{6EC3EE1D-3C4E-46DD-8F32-0CC8E7565705}") = "Sieve", "sieve\Sieve.fsproj", "{3FC02DC7-B1B4-46A0-906D-29B0959B5697}"
EndProject
Project("{6EC3EE1D-3C4E-46DD-8F32-0CC8E7565705}") = "LargestSeriesProduct", "largest-series-product\LargestSeriesProduct.fsproj", "{75CB3016-86E4-426E-8229-9A164B54157E}"
EndProject
Project("{6EC3EE1D-3C4E-46DD-8F32-0CC8E7565705}") = "Pov", "pov\Pov.fsproj", "{7B430922-E450-4185-89CE-7244727E0D1D}"
EndProject
Project("{6EC3EE1D-3C4E-46DD-8F32-0CC8E7565705}") = "PascalsTriangle", "pascals-triangle\PascalsTriangle.fsproj", "{EB085A0C-2C6D-41CB-9007-44329130C5CE}"
EndProject
Project("{6EC3EE1D-3C4E-46DD-8F32-0CC8E7565705}") = "ListOps", "list-ops\ListOps.fsproj", "{DDCCCDE0-A0C0-4DC6-BBC4-A9B1E69BE499}"
EndProject
Project("{6EC3EE1D-3C4E-46DD-8F32-0CC8E7565705}") = "CustomSet", "custom-set\CustomSet.fsproj", "{3CFEEC16-DA9A-4CEB-9CF1-19DE4CAC7B5F}"
EndProject
Project("{6EC3EE1D-3C4E-46DD-8F32-0CC8E7565705}") = "GradeSchool", "grade-school\GradeSchool.fsproj", "{DDBF33D7-EE61-4BD7-BCE9-E893DD5CAFF1}"
EndProject
Project("{6EC3EE1D-3C4E-46DD-8F32-0CC8E7565705}") = "Clock", "clock\Clock.fsproj", "{A4A482AD-778C-45CB-9D83-30EBEDA16680}"
EndProject
Project("{6EC3EE1D-3C4E-46DD-8F32-0CC8E7565705}") = "Grep", "grep\Grep.fsproj", "{7B4BB1E8-3406-40F3-AE96-50C7D3D9FB76}"
EndProject
Project("{6EC3EE1D-3C4E-46DD-8F32-0CC8E7565705}") = "BankAccount", "bank-account\BankAccount.fsproj", "{5CBBF4B6-1E3A-42CD-8357-473322D03BC5}"
EndProject
Project("{6EC3EE1D-3C4E-46DD-8F32-0CC8E7565705}") = "Bob", "bob\Bob.fsproj", "{EB025464-7D93-4DC7-A6E4-585AABBE233B}"
EndProject
Project("{6EC3EE1D-3C4E-46DD-8F32-0CC8E7565705}") = "Zipper", "zipper\Zipper.fsproj", "{6CE025E8-2CBF-4587-A713-CA0B316D4081}"
EndProject
Project("{6EC3EE1D-3C4E-46DD-8F32-0CC8E7565705}") = "ArmstrongNumbers", "armstrong-numbers\ArmstrongNumbers.fsproj", "{388DCF37-FB6B-4938-B441-981A297DE16F}"
EndProject
Project("{6EC3EE1D-3C4E-46DD-8F32-0CC8E7565705}") = "BeerSong", "beer-song\BeerSong.fsproj", "{C8D632DE-EC01-4858-AAA2-2AFCFC8AD128}"
EndProject
Project("{6EC3EE1D-3C4E-46DD-8F32-0CC8E7565705}") = "RationalNumbers", "rational-numbers\RationalNumbers.fsproj", "{FB08DB4B-1589-40C6-BBA0-67543F71246D}"
EndProject
Project("{6EC3EE1D-3C4E-46DD-8F32-0CC8E7565705}") = "KindergartenGarden", "kindergarten-garden\KindergartenGarden.fsproj", "{7185F8D7-45C9-4E76-B3EB-F4348251E8BD}"
EndProject
Project("{6EC3EE1D-3C4E-46DD-8F32-0CC8E7565705}") = "AffineCipher", "affine-cipher\AffineCipher.fsproj", "{66EBB01B-839A-49C2-A57F-4D1DFDFF0FC9}"
EndProject
Project("{6EC3EE1D-3C4E-46DD-8F32-0CC8E7565705}") = "RobotSimulator", "robot-simulator\RobotSimulator.fsproj", "{7B007929-68D9-4C77-96E4-220C7767E895}"
EndProject
Project("{6EC3EE1D-3C4E-46DD-8F32-0CC8E7565705}") = "Allergies", "allergies\Allergies.fsproj", "{3B51D2B0-1E56-42BF-943A-DF450903861E}"
EndProject
Project("{6EC3EE1D-3C4E-46DD-8F32-0CC8E7565705}") = "OcrNumbers", "ocr-numbers\OcrNumbers.fsproj", "{0337416E-4EDC-4836-ABEA-7143E2456FDD}"
EndProject
Project("{6EC3EE1D-3C4E-46DD-8F32-0CC8E7565705}") = "NucleotideCount", "nucleotide-count\NucleotideCount.fsproj", "{E1507F60-5316-4FA4-AF7B-113709D90DBC}"
EndProject
Global
	GlobalSection(SolutionConfigurationPlatforms) = preSolution
		Debug|Any CPU = Debug|Any CPU
		Release|Any CPU = Release|Any CPU
	EndGlobalSection
	GlobalSection(ProjectConfigurationPlatforms) = postSolution
		{A58DC9FC-30E8-4265-9795-70DE8B71A4BE}.Debug|Any CPU.ActiveCfg = Debug|Any CPU
		{A58DC9FC-30E8-4265-9795-70DE8B71A4BE}.Debug|Any CPU.Build.0 = Debug|Any CPU
		{A58DC9FC-30E8-4265-9795-70DE8B71A4BE}.Release|Any CPU.ActiveCfg = Release|Any CPU
		{A58DC9FC-30E8-4265-9795-70DE8B71A4BE}.Release|Any CPU.Build.0 = Release|Any CPU
		{7DDB710E-3C5F-4BA0-9D88-111EA8268E01}.Debug|Any CPU.ActiveCfg = Debug|Any CPU
		{7DDB710E-3C5F-4BA0-9D88-111EA8268E01}.Debug|Any CPU.Build.0 = Debug|Any CPU
		{7DDB710E-3C5F-4BA0-9D88-111EA8268E01}.Release|Any CPU.ActiveCfg = Release|Any CPU
		{7DDB710E-3C5F-4BA0-9D88-111EA8268E01}.Release|Any CPU.Build.0 = Release|Any CPU
		{353FEBC5-FB02-4009-B497-EBA47A84C21B}.Debug|Any CPU.ActiveCfg = Debug|Any CPU
		{353FEBC5-FB02-4009-B497-EBA47A84C21B}.Debug|Any CPU.Build.0 = Debug|Any CPU
		{353FEBC5-FB02-4009-B497-EBA47A84C21B}.Release|Any CPU.ActiveCfg = Release|Any CPU
		{353FEBC5-FB02-4009-B497-EBA47A84C21B}.Release|Any CPU.Build.0 = Release|Any CPU
		{CA8F87C6-FC4D-4272-BE4B-9E8AD12130C1}.Debug|Any CPU.ActiveCfg = Debug|Any CPU
		{CA8F87C6-FC4D-4272-BE4B-9E8AD12130C1}.Debug|Any CPU.Build.0 = Debug|Any CPU
		{CA8F87C6-FC4D-4272-BE4B-9E8AD12130C1}.Release|Any CPU.ActiveCfg = Release|Any CPU
		{CA8F87C6-FC4D-4272-BE4B-9E8AD12130C1}.Release|Any CPU.Build.0 = Release|Any CPU
		{CDFAA9B0-51DC-49A2-BA4F-3A05F4F7FD6F}.Debug|Any CPU.ActiveCfg = Debug|Any CPU
		{CDFAA9B0-51DC-49A2-BA4F-3A05F4F7FD6F}.Debug|Any CPU.Build.0 = Debug|Any CPU
		{CDFAA9B0-51DC-49A2-BA4F-3A05F4F7FD6F}.Release|Any CPU.ActiveCfg = Release|Any CPU
		{CDFAA9B0-51DC-49A2-BA4F-3A05F4F7FD6F}.Release|Any CPU.Build.0 = Release|Any CPU
		{5A50CEE5-2446-4E1C-9E0A-CAE823E683C6}.Debug|Any CPU.ActiveCfg = Debug|Any CPU
		{5A50CEE5-2446-4E1C-9E0A-CAE823E683C6}.Debug|Any CPU.Build.0 = Debug|Any CPU
		{5A50CEE5-2446-4E1C-9E0A-CAE823E683C6}.Release|Any CPU.ActiveCfg = Release|Any CPU
		{5A50CEE5-2446-4E1C-9E0A-CAE823E683C6}.Release|Any CPU.Build.0 = Release|Any CPU
		{F4A3553C-2C5A-4A5A-98B8-D4E5BDE55560}.Debug|Any CPU.ActiveCfg = Debug|Any CPU
		{F4A3553C-2C5A-4A5A-98B8-D4E5BDE55560}.Debug|Any CPU.Build.0 = Debug|Any CPU
		{F4A3553C-2C5A-4A5A-98B8-D4E5BDE55560}.Release|Any CPU.ActiveCfg = Release|Any CPU
		{F4A3553C-2C5A-4A5A-98B8-D4E5BDE55560}.Release|Any CPU.Build.0 = Release|Any CPU
		{D70C459D-E855-4791-8B64-559308135767}.Debug|Any CPU.ActiveCfg = Debug|Any CPU
		{D70C459D-E855-4791-8B64-559308135767}.Debug|Any CPU.Build.0 = Debug|Any CPU
		{D70C459D-E855-4791-8B64-559308135767}.Release|Any CPU.ActiveCfg = Release|Any CPU
		{D70C459D-E855-4791-8B64-559308135767}.Release|Any CPU.Build.0 = Release|Any CPU
		{C1DAF65F-0920-44DB-AB9E-B603A139A403}.Debug|Any CPU.ActiveCfg = Debug|Any CPU
		{C1DAF65F-0920-44DB-AB9E-B603A139A403}.Debug|Any CPU.Build.0 = Debug|Any CPU
		{C1DAF65F-0920-44DB-AB9E-B603A139A403}.Release|Any CPU.ActiveCfg = Release|Any CPU
		{C1DAF65F-0920-44DB-AB9E-B603A139A403}.Release|Any CPU.Build.0 = Release|Any CPU
		{E1A46B1D-3EA4-498C-BBFA-3778A8833257}.Debug|Any CPU.ActiveCfg = Debug|Any CPU
		{E1A46B1D-3EA4-498C-BBFA-3778A8833257}.Debug|Any CPU.Build.0 = Debug|Any CPU
		{E1A46B1D-3EA4-498C-BBFA-3778A8833257}.Release|Any CPU.ActiveCfg = Release|Any CPU
		{E1A46B1D-3EA4-498C-BBFA-3778A8833257}.Release|Any CPU.Build.0 = Release|Any CPU
		{5FC82FCD-7691-479F-B4BC-E865F697589A}.Debug|Any CPU.ActiveCfg = Debug|Any CPU
		{5FC82FCD-7691-479F-B4BC-E865F697589A}.Debug|Any CPU.Build.0 = Debug|Any CPU
		{5FC82FCD-7691-479F-B4BC-E865F697589A}.Release|Any CPU.ActiveCfg = Release|Any CPU
		{5FC82FCD-7691-479F-B4BC-E865F697589A}.Release|Any CPU.Build.0 = Release|Any CPU
		{346AD250-874A-4F3F-9218-902A0529B4FA}.Debug|Any CPU.ActiveCfg = Debug|Any CPU
		{346AD250-874A-4F3F-9218-902A0529B4FA}.Debug|Any CPU.Build.0 = Debug|Any CPU
		{346AD250-874A-4F3F-9218-902A0529B4FA}.Release|Any CPU.ActiveCfg = Release|Any CPU
		{346AD250-874A-4F3F-9218-902A0529B4FA}.Release|Any CPU.Build.0 = Release|Any CPU
		{823920C1-D8C2-4B64-9AA5-082C48542398}.Debug|Any CPU.ActiveCfg = Debug|Any CPU
		{823920C1-D8C2-4B64-9AA5-082C48542398}.Debug|Any CPU.Build.0 = Debug|Any CPU
		{823920C1-D8C2-4B64-9AA5-082C48542398}.Release|Any CPU.ActiveCfg = Release|Any CPU
		{823920C1-D8C2-4B64-9AA5-082C48542398}.Release|Any CPU.Build.0 = Release|Any CPU
		{51966F75-0943-4461-97DA-DA457E5E9514}.Debug|Any CPU.ActiveCfg = Debug|Any CPU
		{51966F75-0943-4461-97DA-DA457E5E9514}.Debug|Any CPU.Build.0 = Debug|Any CPU
		{51966F75-0943-4461-97DA-DA457E5E9514}.Release|Any CPU.ActiveCfg = Release|Any CPU
		{51966F75-0943-4461-97DA-DA457E5E9514}.Release|Any CPU.Build.0 = Release|Any CPU
		{FF852732-17AC-4965-9045-C185F329538F}.Debug|Any CPU.ActiveCfg = Debug|Any CPU
		{FF852732-17AC-4965-9045-C185F329538F}.Debug|Any CPU.Build.0 = Debug|Any CPU
		{FF852732-17AC-4965-9045-C185F329538F}.Release|Any CPU.ActiveCfg = Release|Any CPU
		{FF852732-17AC-4965-9045-C185F329538F}.Release|Any CPU.Build.0 = Release|Any CPU
		{7152A813-1B66-4D97-BD2C-0C2ACD999439}.Debug|Any CPU.ActiveCfg = Debug|Any CPU
		{7152A813-1B66-4D97-BD2C-0C2ACD999439}.Debug|Any CPU.Build.0 = Debug|Any CPU
		{7152A813-1B66-4D97-BD2C-0C2ACD999439}.Release|Any CPU.ActiveCfg = Release|Any CPU
		{7152A813-1B66-4D97-BD2C-0C2ACD999439}.Release|Any CPU.Build.0 = Release|Any CPU
		{D279BE3E-FE26-42F4-A3E3-D63292998C8B}.Debug|Any CPU.ActiveCfg = Debug|Any CPU
		{D279BE3E-FE26-42F4-A3E3-D63292998C8B}.Debug|Any CPU.Build.0 = Debug|Any CPU
		{D279BE3E-FE26-42F4-A3E3-D63292998C8B}.Release|Any CPU.ActiveCfg = Release|Any CPU
		{D279BE3E-FE26-42F4-A3E3-D63292998C8B}.Release|Any CPU.Build.0 = Release|Any CPU
		{88F0C4CB-C6D0-4FFA-885E-793CFCE37305}.Debug|Any CPU.ActiveCfg = Debug|Any CPU
		{88F0C4CB-C6D0-4FFA-885E-793CFCE37305}.Debug|Any CPU.Build.0 = Debug|Any CPU
		{88F0C4CB-C6D0-4FFA-885E-793CFCE37305}.Release|Any CPU.ActiveCfg = Release|Any CPU
		{88F0C4CB-C6D0-4FFA-885E-793CFCE37305}.Release|Any CPU.Build.0 = Release|Any CPU
		{AB8AC33A-84DB-431D-A7FF-6D1ADDC0C1FC}.Debug|Any CPU.ActiveCfg = Debug|Any CPU
		{AB8AC33A-84DB-431D-A7FF-6D1ADDC0C1FC}.Debug|Any CPU.Build.0 = Debug|Any CPU
		{AB8AC33A-84DB-431D-A7FF-6D1ADDC0C1FC}.Release|Any CPU.ActiveCfg = Release|Any CPU
		{AB8AC33A-84DB-431D-A7FF-6D1ADDC0C1FC}.Release|Any CPU.Build.0 = Release|Any CPU
		{993D02C1-8F52-4571-AB38-E453FD77D10D}.Debug|Any CPU.ActiveCfg = Debug|Any CPU
		{993D02C1-8F52-4571-AB38-E453FD77D10D}.Debug|Any CPU.Build.0 = Debug|Any CPU
		{993D02C1-8F52-4571-AB38-E453FD77D10D}.Release|Any CPU.ActiveCfg = Release|Any CPU
		{993D02C1-8F52-4571-AB38-E453FD77D10D}.Release|Any CPU.Build.0 = Release|Any CPU
		{E6FBF837-BB54-49CF-BF57-1646A6D8B04B}.Debug|Any CPU.ActiveCfg = Debug|Any CPU
		{E6FBF837-BB54-49CF-BF57-1646A6D8B04B}.Debug|Any CPU.Build.0 = Debug|Any CPU
		{E6FBF837-BB54-49CF-BF57-1646A6D8B04B}.Release|Any CPU.ActiveCfg = Release|Any CPU
		{E6FBF837-BB54-49CF-BF57-1646A6D8B04B}.Release|Any CPU.Build.0 = Release|Any CPU
		{BBBE996F-1CE4-4FF2-BEF8-ECFF3E7BB133}.Debug|Any CPU.ActiveCfg = Debug|Any CPU
		{BBBE996F-1CE4-4FF2-BEF8-ECFF3E7BB133}.Debug|Any CPU.Build.0 = Debug|Any CPU
		{BBBE996F-1CE4-4FF2-BEF8-ECFF3E7BB133}.Release|Any CPU.ActiveCfg = Release|Any CPU
		{BBBE996F-1CE4-4FF2-BEF8-ECFF3E7BB133}.Release|Any CPU.Build.0 = Release|Any CPU
		{3FC02DC7-B1B4-46A0-906D-29B0959B5697}.Debug|Any CPU.ActiveCfg = Debug|Any CPU
		{3FC02DC7-B1B4-46A0-906D-29B0959B5697}.Debug|Any CPU.Build.0 = Debug|Any CPU
		{3FC02DC7-B1B4-46A0-906D-29B0959B5697}.Release|Any CPU.ActiveCfg = Release|Any CPU
		{3FC02DC7-B1B4-46A0-906D-29B0959B5697}.Release|Any CPU.Build.0 = Release|Any CPU
		{75CB3016-86E4-426E-8229-9A164B54157E}.Debug|Any CPU.ActiveCfg = Debug|Any CPU
		{75CB3016-86E4-426E-8229-9A164B54157E}.Debug|Any CPU.Build.0 = Debug|Any CPU
		{75CB3016-86E4-426E-8229-9A164B54157E}.Release|Any CPU.ActiveCfg = Release|Any CPU
		{75CB3016-86E4-426E-8229-9A164B54157E}.Release|Any CPU.Build.0 = Release|Any CPU
		{7B430922-E450-4185-89CE-7244727E0D1D}.Debug|Any CPU.ActiveCfg = Debug|Any CPU
		{7B430922-E450-4185-89CE-7244727E0D1D}.Debug|Any CPU.Build.0 = Debug|Any CPU
		{7B430922-E450-4185-89CE-7244727E0D1D}.Release|Any CPU.ActiveCfg = Release|Any CPU
		{7B430922-E450-4185-89CE-7244727E0D1D}.Release|Any CPU.Build.0 = Release|Any CPU
		{EB085A0C-2C6D-41CB-9007-44329130C5CE}.Debug|Any CPU.ActiveCfg = Debug|Any CPU
		{EB085A0C-2C6D-41CB-9007-44329130C5CE}.Debug|Any CPU.Build.0 = Debug|Any CPU
		{EB085A0C-2C6D-41CB-9007-44329130C5CE}.Release|Any CPU.ActiveCfg = Release|Any CPU
		{EB085A0C-2C6D-41CB-9007-44329130C5CE}.Release|Any CPU.Build.0 = Release|Any CPU
		{DDCCCDE0-A0C0-4DC6-BBC4-A9B1E69BE499}.Debug|Any CPU.ActiveCfg = Debug|Any CPU
		{DDCCCDE0-A0C0-4DC6-BBC4-A9B1E69BE499}.Debug|Any CPU.Build.0 = Debug|Any CPU
		{DDCCCDE0-A0C0-4DC6-BBC4-A9B1E69BE499}.Release|Any CPU.ActiveCfg = Release|Any CPU
		{DDCCCDE0-A0C0-4DC6-BBC4-A9B1E69BE499}.Release|Any CPU.Build.0 = Release|Any CPU
		{3CFEEC16-DA9A-4CEB-9CF1-19DE4CAC7B5F}.Debug|Any CPU.ActiveCfg = Debug|Any CPU
		{3CFEEC16-DA9A-4CEB-9CF1-19DE4CAC7B5F}.Debug|Any CPU.Build.0 = Debug|Any CPU
		{3CFEEC16-DA9A-4CEB-9CF1-19DE4CAC7B5F}.Release|Any CPU.ActiveCfg = Release|Any CPU
		{3CFEEC16-DA9A-4CEB-9CF1-19DE4CAC7B5F}.Release|Any CPU.Build.0 = Release|Any CPU
		{DDBF33D7-EE61-4BD7-BCE9-E893DD5CAFF1}.Debug|Any CPU.ActiveCfg = Debug|Any CPU
		{DDBF33D7-EE61-4BD7-BCE9-E893DD5CAFF1}.Debug|Any CPU.Build.0 = Debug|Any CPU
		{DDBF33D7-EE61-4BD7-BCE9-E893DD5CAFF1}.Release|Any CPU.ActiveCfg = Release|Any CPU
		{DDBF33D7-EE61-4BD7-BCE9-E893DD5CAFF1}.Release|Any CPU.Build.0 = Release|Any CPU
		{A4A482AD-778C-45CB-9D83-30EBEDA16680}.Debug|Any CPU.ActiveCfg = Debug|Any CPU
		{A4A482AD-778C-45CB-9D83-30EBEDA16680}.Debug|Any CPU.Build.0 = Debug|Any CPU
		{A4A482AD-778C-45CB-9D83-30EBEDA16680}.Release|Any CPU.ActiveCfg = Release|Any CPU
		{A4A482AD-778C-45CB-9D83-30EBEDA16680}.Release|Any CPU.Build.0 = Release|Any CPU
		{7B4BB1E8-3406-40F3-AE96-50C7D3D9FB76}.Debug|Any CPU.ActiveCfg = Debug|Any CPU
		{7B4BB1E8-3406-40F3-AE96-50C7D3D9FB76}.Debug|Any CPU.Build.0 = Debug|Any CPU
		{7B4BB1E8-3406-40F3-AE96-50C7D3D9FB76}.Release|Any CPU.ActiveCfg = Release|Any CPU
		{7B4BB1E8-3406-40F3-AE96-50C7D3D9FB76}.Release|Any CPU.Build.0 = Release|Any CPU
		{5CBBF4B6-1E3A-42CD-8357-473322D03BC5}.Debug|Any CPU.ActiveCfg = Debug|Any CPU
		{5CBBF4B6-1E3A-42CD-8357-473322D03BC5}.Debug|Any CPU.Build.0 = Debug|Any CPU
		{5CBBF4B6-1E3A-42CD-8357-473322D03BC5}.Release|Any CPU.ActiveCfg = Release|Any CPU
		{5CBBF4B6-1E3A-42CD-8357-473322D03BC5}.Release|Any CPU.Build.0 = Release|Any CPU
		{EB025464-7D93-4DC7-A6E4-585AABBE233B}.Debug|Any CPU.ActiveCfg = Debug|Any CPU
		{EB025464-7D93-4DC7-A6E4-585AABBE233B}.Debug|Any CPU.Build.0 = Debug|Any CPU
		{EB025464-7D93-4DC7-A6E4-585AABBE233B}.Release|Any CPU.ActiveCfg = Release|Any CPU
		{EB025464-7D93-4DC7-A6E4-585AABBE233B}.Release|Any CPU.Build.0 = Release|Any CPU
		{6CE025E8-2CBF-4587-A713-CA0B316D4081}.Debug|Any CPU.ActiveCfg = Debug|Any CPU
		{6CE025E8-2CBF-4587-A713-CA0B316D4081}.Debug|Any CPU.Build.0 = Debug|Any CPU
		{6CE025E8-2CBF-4587-A713-CA0B316D4081}.Release|Any CPU.ActiveCfg = Release|Any CPU
		{6CE025E8-2CBF-4587-A713-CA0B316D4081}.Release|Any CPU.Build.0 = Release|Any CPU
		{388DCF37-FB6B-4938-B441-981A297DE16F}.Debug|Any CPU.ActiveCfg = Debug|Any CPU
		{388DCF37-FB6B-4938-B441-981A297DE16F}.Debug|Any CPU.Build.0 = Debug|Any CPU
		{388DCF37-FB6B-4938-B441-981A297DE16F}.Release|Any CPU.ActiveCfg = Release|Any CPU
		{388DCF37-FB6B-4938-B441-981A297DE16F}.Release|Any CPU.Build.0 = Release|Any CPU
		{C8D632DE-EC01-4858-AAA2-2AFCFC8AD128}.Debug|Any CPU.ActiveCfg = Debug|Any CPU
		{C8D632DE-EC01-4858-AAA2-2AFCFC8AD128}.Debug|Any CPU.Build.0 = Debug|Any CPU
		{C8D632DE-EC01-4858-AAA2-2AFCFC8AD128}.Release|Any CPU.ActiveCfg = Release|Any CPU
		{C8D632DE-EC01-4858-AAA2-2AFCFC8AD128}.Release|Any CPU.Build.0 = Release|Any CPU
		{FB08DB4B-1589-40C6-BBA0-67543F71246D}.Debug|Any CPU.ActiveCfg = Debug|Any CPU
		{FB08DB4B-1589-40C6-BBA0-67543F71246D}.Debug|Any CPU.Build.0 = Debug|Any CPU
		{FB08DB4B-1589-40C6-BBA0-67543F71246D}.Release|Any CPU.ActiveCfg = Release|Any CPU
		{FB08DB4B-1589-40C6-BBA0-67543F71246D}.Release|Any CPU.Build.0 = Release|Any CPU
		{7185F8D7-45C9-4E76-B3EB-F4348251E8BD}.Debug|Any CPU.ActiveCfg = Debug|Any CPU
		{7185F8D7-45C9-4E76-B3EB-F4348251E8BD}.Debug|Any CPU.Build.0 = Debug|Any CPU
		{7185F8D7-45C9-4E76-B3EB-F4348251E8BD}.Release|Any CPU.ActiveCfg = Release|Any CPU
		{7185F8D7-45C9-4E76-B3EB-F4348251E8BD}.Release|Any CPU.Build.0 = Release|Any CPU
		{66EBB01B-839A-49C2-A57F-4D1DFDFF0FC9}.Debug|Any CPU.ActiveCfg = Debug|Any CPU
		{66EBB01B-839A-49C2-A57F-4D1DFDFF0FC9}.Debug|Any CPU.Build.0 = Debug|Any CPU
		{66EBB01B-839A-49C2-A57F-4D1DFDFF0FC9}.Release|Any CPU.ActiveCfg = Release|Any CPU
		{66EBB01B-839A-49C2-A57F-4D1DFDFF0FC9}.Release|Any CPU.Build.0 = Release|Any CPU
		{7B007929-68D9-4C77-96E4-220C7767E895}.Debug|Any CPU.ActiveCfg = Debug|Any CPU
		{7B007929-68D9-4C77-96E4-220C7767E895}.Debug|Any CPU.Build.0 = Debug|Any CPU
		{7B007929-68D9-4C77-96E4-220C7767E895}.Release|Any CPU.ActiveCfg = Release|Any CPU
		{7B007929-68D9-4C77-96E4-220C7767E895}.Release|Any CPU.Build.0 = Release|Any CPU
		{3B51D2B0-1E56-42BF-943A-DF450903861E}.Debug|Any CPU.ActiveCfg = Debug|Any CPU
		{3B51D2B0-1E56-42BF-943A-DF450903861E}.Debug|Any CPU.Build.0 = Debug|Any CPU
		{3B51D2B0-1E56-42BF-943A-DF450903861E}.Release|Any CPU.ActiveCfg = Release|Any CPU
		{3B51D2B0-1E56-42BF-943A-DF450903861E}.Release|Any CPU.Build.0 = Release|Any CPU
		{0337416E-4EDC-4836-ABEA-7143E2456FDD}.Debug|Any CPU.ActiveCfg = Debug|Any CPU
		{0337416E-4EDC-4836-ABEA-7143E2456FDD}.Debug|Any CPU.Build.0 = Debug|Any CPU
		{0337416E-4EDC-4836-ABEA-7143E2456FDD}.Release|Any CPU.ActiveCfg = Release|Any CPU
		{0337416E-4EDC-4836-ABEA-7143E2456FDD}.Release|Any CPU.Build.0 = Release|Any CPU
		{E1507F60-5316-4FA4-AF7B-113709D90DBC}.Debug|Any CPU.ActiveCfg = Debug|Any CPU
		{E1507F60-5316-4FA4-AF7B-113709D90DBC}.Debug|Any CPU.Build.0 = Debug|Any CPU
		{E1507F60-5316-4FA4-AF7B-113709D90DBC}.Release|Any CPU.ActiveCfg = Release|Any CPU
		{E1507F60-5316-4FA4-AF7B-113709D90DBC}.Release|Any CPU.Build.0 = Release|Any CPU
	EndGlobalSection
	GlobalSection(SolutionProperties) = preSolution
		HideSolutionNode = FALSE
	EndGlobalSection
	GlobalSection(ExtensibilityGlobals) = postSolution
		SolutionGuid = {1A867530-8DBE-4C45-B194-F63DCD691155}
	EndGlobalSection
EndGlobal
